
Microsoft Visual Studio Solution File, Format Version 12.00
# Visual Studio 15
VisualStudioVersion = 15.0.26124.0
MinimumVisualStudioVersion = 15.0.26124.0
Project("{FAE04EC0-301F-11D3-BF4B-00C04F79EFBC}") = "RestAPI", "RestAPI\RestAPI.csproj", "{71EAF9C2-DCBB-47B6-ADCB-615FF82928AD}"
EndProject
Project("{FAE04EC0-301F-11D3-BF4B-00C04F79EFBC}") = "Persistence", "Persistence\Persistence.csproj", "{AFB5DC69-ECFC-4FF7-92DF-B02961E1893D}"
EndProject
Project("{FAE04EC0-301F-11D3-BF4B-00C04F79EFBC}") = "Domain", "Domain\Domain.csproj", "{75891F54-16F3-4A7C-BB3E-8DE508E3F77B}"
EndProject
Global
	GlobalSection(SolutionConfigurationPlatforms) = preSolution
		Debug|Any CPU = Debug|Any CPU
		Debug|x64 = Debug|x64
		Debug|x86 = Debug|x86
		Release|Any CPU = Release|Any CPU
		Release|x64 = Release|x64
		Release|x86 = Release|x86
	EndGlobalSection
	GlobalSection(SolutionProperties) = preSolution
		HideSolutionNode = FALSE
	EndGlobalSection
	GlobalSection(ProjectConfigurationPlatforms) = postSolution
		{71EAF9C2-DCBB-47B6-ADCB-615FF82928AD}.Debug|Any CPU.ActiveCfg = Debug|Any CPU
		{71EAF9C2-DCBB-47B6-ADCB-615FF82928AD}.Debug|Any CPU.Build.0 = Debug|Any CPU
		{71EAF9C2-DCBB-47B6-ADCB-615FF82928AD}.Debug|x64.ActiveCfg = Debug|Any CPU
		{71EAF9C2-DCBB-47B6-ADCB-615FF82928AD}.Debug|x64.Build.0 = Debug|Any CPU
		{71EAF9C2-DCBB-47B6-ADCB-615FF82928AD}.Debug|x86.ActiveCfg = Debug|Any CPU
		{71EAF9C2-DCBB-47B6-ADCB-615FF82928AD}.Debug|x86.Build.0 = Debug|Any CPU
		{71EAF9C2-DCBB-47B6-ADCB-615FF82928AD}.Release|Any CPU.ActiveCfg = Release|Any CPU
		{71EAF9C2-DCBB-47B6-ADCB-615FF82928AD}.Release|Any CPU.Build.0 = Release|Any CPU
		{71EAF9C2-DCBB-47B6-ADCB-615FF82928AD}.Release|x64.ActiveCfg = Release|Any CPU
		{71EAF9C2-DCBB-47B6-ADCB-615FF82928AD}.Release|x64.Build.0 = Release|Any CPU
		{71EAF9C2-DCBB-47B6-ADCB-615FF82928AD}.Release|x86.ActiveCfg = Release|Any CPU
		{71EAF9C2-DCBB-47B6-ADCB-615FF82928AD}.Release|x86.Build.0 = Release|Any CPU
		{668CB321-0176-477B-A8EA-3A176DA1F9A2}.Debug|Any CPU.ActiveCfg = Debug|Any CPU
		{668CB321-0176-477B-A8EA-3A176DA1F9A2}.Debug|Any CPU.Build.0 = Debug|Any CPU
		{668CB321-0176-477B-A8EA-3A176DA1F9A2}.Debug|x64.ActiveCfg = Debug|Any CPU
		{668CB321-0176-477B-A8EA-3A176DA1F9A2}.Debug|x64.Build.0 = Debug|Any CPU
		{668CB321-0176-477B-A8EA-3A176DA1F9A2}.Debug|x86.ActiveCfg = Debug|Any CPU
		{668CB321-0176-477B-A8EA-3A176DA1F9A2}.Debug|x86.Build.0 = Debug|Any CPU
		{668CB321-0176-477B-A8EA-3A176DA1F9A2}.Release|Any CPU.ActiveCfg = Release|Any CPU
		{668CB321-0176-477B-A8EA-3A176DA1F9A2}.Release|Any CPU.Build.0 = Release|Any CPU
		{668CB321-0176-477B-A8EA-3A176DA1F9A2}.Release|x64.ActiveCfg = Release|Any CPU
		{668CB321-0176-477B-A8EA-3A176DA1F9A2}.Release|x64.Build.0 = Release|Any CPU
		{668CB321-0176-477B-A8EA-3A176DA1F9A2}.Release|x86.ActiveCfg = Release|Any CPU
		{668CB321-0176-477B-A8EA-3A176DA1F9A2}.Release|x86.Build.0 = Release|Any CPU
		{AFB5DC69-ECFC-4FF7-92DF-B02961E1893D}.Debug|Any CPU.ActiveCfg = Debug|Any CPU
		{AFB5DC69-ECFC-4FF7-92DF-B02961E1893D}.Debug|Any CPU.Build.0 = Debug|Any CPU
		{AFB5DC69-ECFC-4FF7-92DF-B02961E1893D}.Debug|x64.ActiveCfg = Debug|Any CPU
		{AFB5DC69-ECFC-4FF7-92DF-B02961E1893D}.Debug|x64.Build.0 = Debug|Any CPU
		{AFB5DC69-ECFC-4FF7-92DF-B02961E1893D}.Debug|x86.ActiveCfg = Debug|Any CPU
		{AFB5DC69-ECFC-4FF7-92DF-B02961E1893D}.Debug|x86.Build.0 = Debug|Any CPU
		{AFB5DC69-ECFC-4FF7-92DF-B02961E1893D}.Release|Any CPU.ActiveCfg = Release|Any CPU
		{AFB5DC69-ECFC-4FF7-92DF-B02961E1893D}.Release|Any CPU.Build.0 = Release|Any CPU
		{AFB5DC69-ECFC-4FF7-92DF-B02961E1893D}.Release|x64.ActiveCfg = Release|Any CPU
		{AFB5DC69-ECFC-4FF7-92DF-B02961E1893D}.Release|x64.Build.0 = Release|Any CPU
		{AFB5DC69-ECFC-4FF7-92DF-B02961E1893D}.Release|x86.ActiveCfg = Release|Any CPU
		{AFB5DC69-ECFC-4FF7-92DF-B02961E1893D}.Release|x86.Build.0 = Release|Any CPU
		{75891F54-16F3-4A7C-BB3E-8DE508E3F77B}.Debug|Any CPU.ActiveCfg = Debug|Any CPU
		{75891F54-16F3-4A7C-BB3E-8DE508E3F77B}.Debug|Any CPU.Build.0 = Debug|Any CPU
		{75891F54-16F3-4A7C-BB3E-8DE508E3F77B}.Debug|x64.ActiveCfg = Debug|Any CPU
		{75891F54-16F3-4A7C-BB3E-8DE508E3F77B}.Debug|x64.Build.0 = Debug|Any CPU
		{75891F54-16F3-4A7C-BB3E-8DE508E3F77B}.Debug|x86.ActiveCfg = Debug|Any CPU
		{75891F54-16F3-4A7C-BB3E-8DE508E3F77B}.Debug|x86.Build.0 = Debug|Any CPU
		{75891F54-16F3-4A7C-BB3E-8DE508E3F77B}.Release|Any CPU.ActiveCfg = Release|Any CPU
		{75891F54-16F3-4A7C-BB3E-8DE508E3F77B}.Release|Any CPU.Build.0 = Release|Any CPU
		{75891F54-16F3-4A7C-BB3E-8DE508E3F77B}.Release|x64.ActiveCfg = Release|Any CPU
		{75891F54-16F3-4A7C-BB3E-8DE508E3F77B}.Release|x64.Build.0 = Release|Any CPU
		{75891F54-16F3-4A7C-BB3E-8DE508E3F77B}.Release|x86.ActiveCfg = Release|Any CPU
		{75891F54-16F3-4A7C-BB3E-8DE508E3F77B}.Release|x86.Build.0 = Release|Any CPU
	EndGlobalSection
EndGlobal
